# THIS IS AN AUTOGENERATED FILE. DO NOT EDIT THIS FILE DIRECTLY.
# yarn lockfile v1


npm-check-updates@^19.2.0:
  version "19.2.0"
  resolved "https://registry.yarnpkg.com/npm-check-updates/-/npm-check-updates-19.2.0.tgz#5dd11b505e11e6db602fe45c0ad6e8c0dcc94959"
  integrity sha512-XSIuL0FNgzXPDZa4lje7+OwHjiyEt84qQm6QMsQRbixNY5EHEM9nhgOjxjlK9jIbN+ysvSqOV8DKNS0zydwbdg==

types-server@^1.0.5:
  version "1.0.5"
  resolved "https://registry.yarnpkg.com/types-server/-/types-server-1.0.5.tgz#30f9bca0389e4c902a7838a3a72a73a6e6cd98b2"
  integrity sha512-K2ywcypIBqUn4IoiQ5TuUVbLtsae+8dFeK/21HoRd6+VQISLiw9Sp+0eXvR39/ngcqM/xr+HvxPiSC4lOKzh3g==
